
Microsoft Visual Studio Solution File, Format Version 11.00
# Visual Studio 2010
# SharpDevelop 5.1
Project("{FAE04EC0-301F-11D3-BF4B-00C04F79EFBC}") = "latihan pv", "latihan pv\latihan pv.csproj", "{AA8C9924-A33F-49A3-B333-36B5177B3EF0}"
EndProject
Global
	GlobalSection(SolutionConfigurationPlatforms) = preSolution
		Debug|Any CPU = Debug|Any CPU
		Release|Any CPU = Release|Any CPU
	EndGlobalSection
	GlobalSection(ProjectConfigurationPlatforms) = postSolution
		{AA8C9924-A33F-49A3-B333-36B5177B3EF0}.Debug|Any CPU.ActiveCfg = Debug|Any CPU
		{AA8C9924-A33F-49A3-B333-36B5177B3EF0}.Debug|Any CPU.Build.0 = Debug|Any CPU
		{AA8C9924-A33F-49A3-B333-36B5177B3EF0}.Release|Any CPU.ActiveCfg = Release|Any CPU
		{AA8C9924-A33F-49A3-B333-36B5177B3EF0}.Release|Any CPU.Build.0 = Release|Any CPU
	EndGlobalSection
EndGlobal
